
Microsoft Visual Studio Solution File, Format Version 12.00
# Visual Studio Version 17
VisualStudioVersion = 17.11.35327.3
MinimumVisualStudioVersion = 10.0.40219.1
Project("{FAE04EC0-301F-11D3-BF4B-00C04F79EFBC}") = "STOREFLOWER", "STOREFLOWER\STOREFLOWER.csproj", "{7D500A5C-81BF-4EAA-8B3D-AF7820E31F0D}"
EndProject
Global
	GlobalSection(SolutionConfigurationPlatforms) = preSolution
		Debug|Any CPU = Debug|Any CPU
		Release|Any CPU = Release|Any CPU
	EndGlobalSection
	GlobalSection(ProjectConfigurationPlatforms) = postSolution
		{7D500A5C-81BF-4EAA-8B3D-AF7820E31F0D}.Debug|Any CPU.ActiveCfg = Debug|Any CPU
		{7D500A5C-81BF-4EAA-8B3D-AF7820E31F0D}.Debug|Any CPU.Build.0 = Debug|Any CPU
		{7D500A5C-81BF-4EAA-8B3D-AF7820E31F0D}.Release|Any CPU.ActiveCfg = Release|Any CPU
		{7D500A5C-81BF-4EAA-8B3D-AF7820E31F0D}.Release|Any CPU.Build.0 = Release|Any CPU
	EndGlobalSection
	GlobalSection(SolutionProperties) = preSolution
		HideSolutionNode = FALSE
	EndGlobalSection
	GlobalSection(ExtensibilityGlobals) = postSolution
		SolutionGuid = {8B8E4665-7975-45D1-AF30-FF7278C18BBB}
	EndGlobalSection
EndGlobal
